
Microsoft Visual Studio Solution File, Format Version 12.00
# Visual Studio Version 17
VisualStudioVersion = 17.14.36221.1
MinimumVisualStudioVersion = 10.0.40219.1
Project("{FAE04EC0-301F-11D3-BF4B-00C04F79EFBC}") = "GitHubSearchApi", "GitHubSearchApi\GitHubSearchApi.csproj", "{6741D519-32E1-4076-8808-91D6E9804C6B}"
EndProject
Project("{FAE04EC0-301F-11D3-BF4B-00C04F79EFBC}") = "GitHubSearch.Interfaces", "GitHubSearch.Interfaces\GitHubSearch.Interfaces.csproj", "{43678E2E-7876-4E29-8046-9C514EC86994}"
EndProject
Project("{FAE04EC0-301F-11D3-BF4B-00C04F79EFBC}") = "GitHubSearch.Core", "GitHubSearch.Core\GitHubSearch.Core.csproj", "{6833A80E-CA1C-45F1-98A4-2161846D230D}"
EndProject
Project("{FAE04EC0-301F-11D3-BF4B-00C04F79EFBC}") = "GitHubSearch.Services", "GitHubSearch.Services\GitHubSearch.Services.csproj", "{2AA61F4C-1152-4A89-893A-B5EEFE22E1C7}"
EndProject
Global
	GlobalSection(SolutionConfigurationPlatforms) = preSolution
		Debug|Any CPU = Debug|Any CPU
		Release|Any CPU = Release|Any CPU
	EndGlobalSection
	GlobalSection(ProjectConfigurationPlatforms) = postSolution
		{6741D519-32E1-4076-8808-91D6E9804C6B}.Debug|Any CPU.ActiveCfg = Debug|Any CPU
		{6741D519-32E1-4076-8808-91D6E9804C6B}.Debug|Any CPU.Build.0 = Debug|Any CPU
		{6741D519-32E1-4076-8808-91D6E9804C6B}.Release|Any CPU.ActiveCfg = Release|Any CPU
		{6741D519-32E1-4076-8808-91D6E9804C6B}.Release|Any CPU.Build.0 = Release|Any CPU
		{43678E2E-7876-4E29-8046-9C514EC86994}.Debug|Any CPU.ActiveCfg = Debug|Any CPU
		{43678E2E-7876-4E29-8046-9C514EC86994}.Debug|Any CPU.Build.0 = Debug|Any CPU
		{43678E2E-7876-4E29-8046-9C514EC86994}.Release|Any CPU.ActiveCfg = Release|Any CPU
		{43678E2E-7876-4E29-8046-9C514EC86994}.Release|Any CPU.Build.0 = Release|Any CPU
		{6833A80E-CA1C-45F1-98A4-2161846D230D}.Debug|Any CPU.ActiveCfg = Debug|Any CPU
		{6833A80E-CA1C-45F1-98A4-2161846D230D}.Debug|Any CPU.Build.0 = Debug|Any CPU
		{6833A80E-CA1C-45F1-98A4-2161846D230D}.Release|Any CPU.ActiveCfg = Release|Any CPU
		{6833A80E-CA1C-45F1-98A4-2161846D230D}.Release|Any CPU.Build.0 = Release|Any CPU
		{2AA61F4C-1152-4A89-893A-B5EEFE22E1C7}.Debug|Any CPU.ActiveCfg = Debug|Any CPU
		{2AA61F4C-1152-4A89-893A-B5EEFE22E1C7}.Debug|Any CPU.Build.0 = Debug|Any CPU
		{2AA61F4C-1152-4A89-893A-B5EEFE22E1C7}.Release|Any CPU.ActiveCfg = Release|Any CPU
		{2AA61F4C-1152-4A89-893A-B5EEFE22E1C7}.Release|Any CPU.Build.0 = Release|Any CPU
	EndGlobalSection
	GlobalSection(SolutionProperties) = preSolution
		HideSolutionNode = FALSE
	EndGlobalSection
	GlobalSection(ExtensibilityGlobals) = postSolution
		SolutionGuid = {73B6EDD6-23D7-4640-8872-641C021B6766}
	EndGlobalSection
EndGlobal
